
Microsoft Visual Studio Solution File, Format Version 12.00
# Visual Studio 15
VisualStudioVersion = 15.0.28010.2050
MinimumVisualStudioVersion = 10.0.40219.1
Project("{FAE04EC0-301F-11D3-BF4B-00C04F79EFBC}") = "web-ioc", "web-ioc\web-ioc.csproj", "{B09E7B85-3C86-4774-A55E-6D414A2DB842}"
EndProject
Project("{FAE04EC0-301F-11D3-BF4B-00C04F79EFBC}") = "web-ioc.components", "web-ioc.components\web-ioc.components.csproj", "{80B5A8C3-5D1A-4BE4-9EB3-9132970D9BEF}"
EndProject
Global
	GlobalSection(SolutionConfigurationPlatforms) = preSolution
		Debug|Any CPU = Debug|Any CPU
		Release|Any CPU = Release|Any CPU
	EndGlobalSection
	GlobalSection(ProjectConfigurationPlatforms) = postSolution
		{B09E7B85-3C86-4774-A55E-6D414A2DB842}.Debug|Any CPU.ActiveCfg = Debug|Any CPU
		{B09E7B85-3C86-4774-A55E-6D414A2DB842}.Debug|Any CPU.Build.0 = Debug|Any CPU
		{B09E7B85-3C86-4774-A55E-6D414A2DB842}.Release|Any CPU.ActiveCfg = Release|Any CPU
		{B09E7B85-3C86-4774-A55E-6D414A2DB842}.Release|Any CPU.Build.0 = Release|Any CPU
		{80B5A8C3-5D1A-4BE4-9EB3-9132970D9BEF}.Debug|Any CPU.ActiveCfg = Debug|Any CPU
		{80B5A8C3-5D1A-4BE4-9EB3-9132970D9BEF}.Debug|Any CPU.Build.0 = Debug|Any CPU
		{80B5A8C3-5D1A-4BE4-9EB3-9132970D9BEF}.Release|Any CPU.ActiveCfg = Release|Any CPU
		{80B5A8C3-5D1A-4BE4-9EB3-9132970D9BEF}.Release|Any CPU.Build.0 = Release|Any CPU
	EndGlobalSection
	GlobalSection(SolutionProperties) = preSolution
		HideSolutionNode = FALSE
	EndGlobalSection
	GlobalSection(ExtensibilityGlobals) = postSolution
		SolutionGuid = {6A10E339-2EB7-458A-AD6F-EB01F0F38C80}
	EndGlobalSection
EndGlobal
